// !$*UTF8*$!
{
	archiveVersion = 1;
	classes = {
	};
	objectVersion = 50;
	objects = {

/* Begin PBXBuildFile section */
		4F099CA326E6F06C0047C1DE /* gifLoad.swift in Sources */ = {isa = PBXBuildFile; fileRef = 4F099CA226E6F06B0047C1DE /* gifLoad.swift */; };
		4F099CA526E6F7450047C1DE /* winner.gif in Resources */ = {isa = PBXBuildFile; fileRef = 4F099CA426E6F7450047C1DE /* winner.gif */; };
		4F099CA726E6F8890047C1DE /* loading.gif in Resources */ = {isa = PBXBuildFile; fileRef = 4F099CA626E6F8890047C1DE /* loading.gif */; };
		B71353B124AF4B510094F72F /* AppDelegate.swift in Sources */ = {isa = PBXBuildFile; fileRef = B71353B024AF4B510094F72F /* AppDelegate.swift */; };
		B71353B324AF4B510094F72F /* SceneDelegate.swift in Sources */ = {isa = PBXBuildFile; fileRef = B71353B224AF4B510094F72F /* SceneDelegate.swift */; };
		B71353B524AF4B510094F72F /* ViewController.swift in Sources */ = {isa = PBXBuildFile; fileRef = B71353B424AF4B510094F72F /* ViewController.swift */; };
		B71353B824AF4B510094F72F /* Main.storyboard in Resources */ = {isa = PBXBuildFile; fileRef = B71353B624AF4B510094F72F /* Main.storyboard */; };
		B71353BA24AF4B520094F72F /* Assets.xcassets in Resources */ = {isa = PBXBuildFile; fileRef = B71353B924AF4B520094F72F /* Assets.xcassets */; };
		B71353BD24AF4B520094F72F /* LaunchScreen.storyboard in Resources */ = {isa = PBXBuildFile; fileRef = B71353BB24AF4B520094F72F /* LaunchScreen.storyboard */; };
/* End PBXBuildFile section */

/* Begin PBXFileReference section */
		4F099CA226E6F06B0047C1DE /* gifLoad.swift */ = {isa = PBXFileReference; lastKnownFileType = sourcecode.swift; path = gifLoad.swift; sourceTree = "<group>"; };
		4F099CA426E6F7450047C1DE /* winner.gif */ = {isa = PBXFileReference; lastKnownFileType = image.gif; name = winner.gif; path = pic/winner.gif; sourceTree = "<group>"; };
		4F099CA626E6F8890047C1DE /* loading.gif */ = {isa = PBXFileReference; lastKnownFileType = image.gif; name = loading.gif; path = pic/loading.gif; sourceTree = "<group>"; };
		B71353AD24AF4B510094F72F /* LottoMentor.app */ = {isa = PBXFileReference; explicitFileType = wrapper.application; includeInIndex = 0; path = LottoMentor.app; sourceTree = BUILT_PRODUCTS_DIR; };
		B71353B024AF4B510094F72F /* AppDelegate.swift */ = {isa = PBXFileReference; lastKnownFileType = sourcecode.swift; path = AppDelegate.swift; sourceTree = "<group>"; };
		B71353B224AF4B510094F72F /* SceneDelegate.swift */ = {isa = PBXFileReference; lastKnownFileType = sourcecode.swift; path = SceneDelegate.swift; sourceTree = "<group>"; };
		B71353B424AF4B510094F72F /* ViewController.swift */ = {isa = PBXFileReference; lastKnownFileType = sourcecode.swift; path = ViewController.swift; sourceTree = "<group>"; };
		B71353B724AF4B510094F72F /* Base */ = {isa = PBXFileReference; lastKnownFileType = file.storyboard; name = Base; path = Base.lproj/Main.storyboard; sourceTree = "<group>"; };
		B71353B924AF4B520094F72F /* Assets.xcassets */ = {isa = PBXFileReference; lastKnownFileType = folder.assetcatalog; path = Assets.xcassets; sourceTree = "<group>"; };
		B71353BC24AF4B520094F72F /* Base */ = {isa = PBXFileReference; lastKnownFileType = file.storyboard; name = Base; path = Base.lproj/LaunchScreen.storyboard; sourceTree = "<group>"; };
		B71353BE24AF4B520094F72F /* Info.plist */ = {isa = PBXFileReference; lastKnownFileType = text.plist.xml; path = Info.plist; sourceTree = "<group>"; };
/* End PBXFileReference section */

/* Begin PBXFrameworksBuildPhase section */
		B71353AA24AF4B510094F72F /* Frameworks */ = {
			isa = PBXFrameworksBuildPhase;
			buildActionMask = 2147483647;
			files = (
			);
			runOnlyForDeploymentPostprocessing = 0;
		};
/* End PBXFrameworksBuildPhase section */

/* Begin PBXGroup section */
		B71353A424AF4B510094F72F = {
			isa = PBXGroup;
			children = (
				B71353AF24AF4B510094F72F /* NumbersGame */,
				B71353AE24AF4B510094F72F /* Products */,
			);
			sourceTree = "<group>";
		};
		B71353AE24AF4B510094F72F /* Products */ = {
			isa = PBXGroup;
			children = (
				B71353AD24AF4B510094F72F /* LottoMentor.app */,
			);
			name = Products;
			sourceTree = "<group>";
		};
		B71353AF24AF4B510094F72F /* NumbersGame */ = {
			isa = PBXGroup;
			children = (
				B71353B024AF4B510094F72F /* AppDelegate.swift */,
				B71353B224AF4B510094F72F /* SceneDelegate.swift */,
				B71353B424AF4B510094F72F /* ViewController.swift */,
				B71353B624AF4B510094F72F /* Main.storyboard */,
				B71353B924AF4B520094F72F /* Assets.xcassets */,
				B71353BB24AF4B520094F72F /* LaunchScreen.storyboard */,
				B71353BE24AF4B520094F72F /* Info.plist */,
				4F099CA226E6F06B0047C1DE /* gifLoad.swift */,
				4F099CA426E6F7450047C1DE /* winner.gif */,
				4F099CA626E6F8890047C1DE /* loading.gif */,
			);
			path = NumbersGame;
			sourceTree = "<group>";
		};
/* End PBXGroup section */

/* Begin PBXNativeTarget section */
		B71353AC24AF4B510094F72F /* LottoMentor */ = {
			isa = PBXNativeTarget;
			buildConfigurationList = B71353C124AF4B520094F72F /* Build configuration list for PBXNativeTarget "LottoMentor" */;
			buildPhases = (
				B71353A924AF4B510094F72F /* Sources */,
				B71353AA24AF4B510094F72F /* Frameworks */,
				B71353AB24AF4B510094F72F /* Resources */,
			);
			buildRules = (
			);
			dependencies = (
			);
			name = LottoMentor;
			productName = NumbersGame;
			productReference = B71353AD24AF4B510094F72F /* LottoMentor.app */;
			productType = "com.apple.product-type.application";
		};
/* End PBXNativeTarget section */

/* Begin PBXProject section */
		B71353A524AF4B510094F72F /* Project object */ = {
			isa = PBXProject;
			attributes = {
				LastSwiftUpdateCheck = 1150;
				LastUpgradeCheck = 1300;
				ORGANIZATIONNAME = RADEFFFACTORY;
				TargetAttributes = {
					B71353AC24AF4B510094F72F = {
						CreatedOnToolsVersion = 11.5;
					};
				};
			};
			buildConfigurationList = B71353A824AF4B510094F72F /* Build configuration list for PBXProject "LottoMentor" */;
			compatibilityVersion = "Xcode 9.3";
			developmentRegion = en;
			hasScannedForEncodings = 0;
			knownRegions = (
				en,
				Base,
			);
			mainGroup = B71353A424AF4B510094F72F;
			productRefGroup = B71353AE24AF4B510094F72F /* Products */;
			projectDirPath = "";
			projectRoot = "";
			targets = (
				B71353AC24AF4B510094F72F /* LottoMentor */,
			);
		};
/* End PBXProject section */

/* Begin PBXResourcesBuildPhase section */
		B71353AB24AF4B510094F72F /* Resources */ = {
			isa = PBXResourcesBuildPhase;
			buildActionMask = 2147483647;
			files = (
				B71353BD24AF4B520094F72F /* LaunchScreen.storyboard in Resources */,
				4F099CA526E6F7450047C1DE /* winner.gif in Resources */,
				4F099CA726E6F8890047C1DE /* loading.gif in Resources */,
				B71353BA24AF4B520094F72F /* Assets.xcassets in Resources */,
				B71353B824AF4B510094F72F /* Main.storyboard in Resources */,
			);
			runOnlyForDeploymentPostprocessing = 0;
		};
/* End PBXResourcesBuildPhase section */

/* Begin PBXSourcesBuildPhase section */
		B71353A924AF4B510094F72F /* Sources */ = {
			isa = PBXSourcesBuildPhase;
			buildActionMask = 2147483647;
			files = (
				B71353B524AF4B510094F72F /* ViewController.swift in Sources */,
				B71353B124AF4B510094F72F /* AppDelegate.swift in Sources */,
				4F099CA326E6F06C0047C1DE /* gifLoad.swift in Sources */,
				B71353B324AF4B510094F72F /* SceneDelegate.swift in Sources */,
			);
			runOnlyForDeploymentPostprocessing = 0;
		};
/* End PBXSourcesBuildPhase section */

/* Begin PBXVariantGroup section */
		B71353B624AF4B510094F72F /* Main.storyboard */ = {
			isa = PBXVariantGroup;
			children = (
				B71353B724AF4B510094F72F /* Base */,
			);
			name = Main.storyboard;
			sourceTree = "<group>";
		};
		B71353BB24AF4B520094F72F /* LaunchScreen.storyboard */ = {
			isa = PBXVariantGroup;
			children = (
				B71353BC24AF4B520094F72F /* Base */,
			);
			name = LaunchScreen.storyboard;
			sourceTree = "<group>";
		};
/* End PBXVariantGroup section */

/* Begin XCBuildConfiguration section */
		B71353BF24AF4B520094F72F /* Debug */ = {
			isa = XCBuildConfiguration;
			buildSettings = {
				ALWAYS_SEARCH_USER_PATHS = NO;
				CLANG_ANALYZER_NONNULL = YES;
				CLANG_ANALYZER_NUMBER_OBJECT_CONVERSION = YES_AGGRESSIVE;
				CLANG_CXX_LANGUAGE_STANDARD = "gnu++14";
				CLANG_CXX_LIBRARY = "libc++";
				CLANG_ENABLE_MODULES = YES;
				CLANG_ENABLE_OBJC_ARC = YES;
				CLANG_ENABLE_OBJC_WEAK = YES;
				CLANG_WARN_BLOCK_CAPTURE_AUTORELEASING = YES;
				CLANG_WARN_BOOL_CONVERSION = YES;
				CLANG_WARN_COMMA = YES;
				CLANG_WARN_CONSTANT_CONVERSION = YES;
				CLANG_WARN_DEPRECATED_OBJC_IMPLEMENTATIONS = YES;
				CLANG_WARN_DIRECT_OBJC_ISA_USAGE = YES_ERROR;
				CLANG_WARN_DOCUMENTATION_COMMENTS = YES;
				CLANG_WARN_EMPTY_BODY = YES;
				CLANG_WARN_ENUM_CONVERSION = YES;
				CLANG_WARN_INFINITE_RECURSION = YES;
				CLANG_WARN_INT_CONVERSION = YES;
				CLANG_WARN_NON_LITERAL_NULL_CONVERSION = YES;
				CLANG_WARN_OBJC_IMPLICIT_RETAIN_SELF = YES;
				CLANG_WARN_OBJC_LITERAL_CONVERSION = YES;
				CLANG_WARN_OBJC_ROOT_CLASS = YES_ERROR;
				CLANG_WARN_QUOTED_INCLUDE_IN_FRAMEWORK_HEADER = YES;
				CLANG_WARN_RANGE_LOOP_ANALYSIS = YES;
				CLANG_WARN_STRICT_PROTOTYPES = YES;
				CLANG_WARN_SUSPICIOUS_MOVE = YES;
				CLANG_WARN_UNGUARDED_AVAILABILITY = YES_AGGRESSIVE;
				CLANG_WARN_UNREACHABLE_CODE = YES;
				CLANG_WARN__DUPLICATE_METHOD_MATCH = YES;
				COPY_PHASE_STRIP = NO;
				DEBUG_INFORMATION_FORMAT = dwarf;
				ENABLE_STRICT_OBJC_MSGSEND = YES;
				ENABLE_TESTABILITY = YES;
				GCC_C_LANGUAGE_STANDARD = gnu11;
				GCC_DYNAMIC_NO_PIC = NO;
				GCC_NO_COMMON_BLOCKS = YES;
				GCC_OPTIMIZATION_LEVEL = 0;
				GCC_PREPROCESSOR_DEFINITIONS = (
					"DEBUG=1",
					"$(inherited)",
				);
				GCC_WARN_64_TO_32_BIT_CONVERSION = YES;
				GCC_WARN_ABOUT_RETURN_TYPE = YES_ERROR;
				GCC_WARN_UNDECLARED_SELECTOR = YES;
				GCC_WARN_UNINITIALIZED_AUTOS = YES_AGGRESSIVE;
				GCC_WARN_UNUSED_FUNCTION = YES;
				GCC_WARN_UNUSED_VARIABLE = YES;
				IPHONEOS_DEPLOYMENT_TARGET = 13.5;
				MTL_ENABLE_DEBUG_INFO = INCLUDE_SOURCE;
				MTL_FAST_MATH = YES;
				ONLY_ACTIVE_ARCH = YES;
				SDKROOT = iphoneos;
				SWIFT_ACTIVE_COMPILATION_CONDITIONS = DEBUG;
				SWIFT_OPTIMIZATION_LEVEL = "-Onone";
			};
			name = Debug;
		};
		B71353C024AF4B520094F72F /* Release */ = {
			isa = XCBuildConfiguration;
			buildSettings = {
				ALWAYS_SEARCH_USER_PATHS = NO;
				CLANG_ANALYZER_NONNULL = YES;
				CLANG_ANALYZER_NUMBER_OBJECT_CONVERSION = YES_AGGRESSIVE;
				CLANG_CXX_LANGUAGE_STANDARD = "gnu++14";
				CLANG_CXX_LIBRARY = "libc++";
				CLANG_ENABLE_MODULES = YES;
				CLANG_ENABLE_OBJC_ARC = YES;
				CLANG_ENABLE_OBJC_WEAK = YES;
				CLANG_WARN_BLOCK_CAPTURE_AUTORELEASING = YES;
				CLANG_WARN_BOOL_CONVERSION = YES;
				CLANG_WARN_COMMA = YES;
				CLANG_WARN_CONSTANT_CONVERSION = YES;
				CLANG_WARN_DEPRECATED_OBJC_IMPLEMENTATIONS = YES;
				CLANG_WARN_DIRECT_OBJC_ISA_USAGE = YES_ERROR;
				CLANG_WARN_DOCUMENTATION_COMMENTS = YES;
				CLANG_WARN_EMPTY_BODY = YES;
				CLANG_WARN_ENUM_CONVERSION = YES;
				CLANG_WARN_INFINITE_RECURSION = YES;
				CLANG_WARN_INT_CONVERSION = YES;
				CLANG_WARN_NON_LITERAL_NULL_CONVERSION = YES;
				CLANG_WARN_OBJC_IMPLICIT_RETAIN_SELF = YES;
				CLANG_WARN_OBJC_LITERAL_CONVERSION = YES;
				CLANG_WARN_OBJC_ROOT_CLASS = YES_ERROR;
				CLANG_WARN_QUOTED_INCLUDE_IN_FRAMEWORK_HEADER = YES;
				CLANG_WARN_RANGE_LOOP_ANALYSIS = YES;
				CLANG_WARN_STRICT_PROTOTYPES = YES;
				CLANG_WARN_SUSPICIOUS_MOVE = YES;
				CLANG_WARN_UNGUARDED_AVAILABILITY = YES_AGGRESSIVE;
				CLANG_WARN_UNREACHABLE_CODE = YES;
				CLANG_WARN__DUPLICATE_METHOD_MATCH = YES;
				COPY_PHASE_STRIP = NO;
				DEBUG_INFORMATION_FORMAT = "dwarf-with-dsym";
				ENABLE_NS_ASSERTIONS = NO;
				ENABLE_STRICT_OBJC_MSGSEND = YES;
				GCC_C_LANGUAGE_STANDARD = gnu11;
				GCC_NO_COMMON_BLOCKS = YES;
				GCC_WARN_64_TO_32_BIT_CONVERSION = YES;
				GCC_WARN_ABOUT_RETURN_TYPE = YES_ERROR;
				GCC_WARN_UNDECLARED_SELECTOR = YES;
				GCC_WARN_UNINITIALIZED_AUTOS = YES_AGGRESSIVE;
				GCC_WARN_UNUSED_FUNCTION = YES;
				GCC_WARN_UNUSED_VARIABLE = YES;
				IPHONEOS_DEPLOYMENT_TARGET = 13.5;
				MTL_ENABLE_DEBUG_INFO = NO;
				MTL_FAST_MATH = YES;
				SDKROOT = iphoneos;
				SWIFT_COMPILATION_MODE = wholemodule;
				SWIFT_OPTIMIZATION_LEVEL = "-O";
				VALIDATE_PRODUCT = YES;
			};
			name = Release;
		};
		B71353C224AF4B520094F72F /* Debug */ = {
			isa = XCBuildConfiguration;
			buildSettings = {
				ASSETCATALOG_COMPILER_APPICON_NAME = AppIcon;
				CODE_SIGN_STYLE = Automatic;
				INFOPLIST_FILE = NumbersGame/Info.plist;
				LD_RUNPATH_SEARCH_PATHS = (
					"$(inherited)",
					"@executable_path/Frameworks",
				);
				PRODUCT_BUNDLE_IDENTIFIER = com.radefffactory.NumbersGame;
				PRODUCT_NAME = "$(TARGET_NAME)";
				SWIFT_VERSION = 5.0;
				TARGETED_DEVICE_FAMILY = "1,2";
			};
			name = Debug;
		};
		B71353C324AF4B520094F72F /* Release */ = {
			isa = XCBuildConfiguration;
			buildSettings = {
				ASSETCATALOG_COMPILER_APPICON_NAME = AppIcon;
				CODE_SIGN_STYLE = Automatic;
				INFOPLIST_FILE = NumbersGame/Info.plist;
				LD_RUNPATH_SEARCH_PATHS = (
					"$(inherited)",
					"@executable_path/Frameworks",
				);
				PRODUCT_BUNDLE_IDENTIFIER = com.radefffactory.NumbersGame;
				PRODUCT_NAME = "$(TARGET_NAME)";
				SWIFT_VERSION = 5.0;
				TARGETED_DEVICE_FAMILY = "1,2";
			};
			name = Release;
		};
/* End XCBuildConfiguration section */

/* Begin XCConfigurationList section */
		B71353A824AF4B510094F72F /* Build configuration list for PBXProject "LottoMentor" */ = {
			isa = XCConfigurationList;
			buildConfigurations = (
				B71353BF24AF4B520094F72F /* Debug */,
				B71353C024AF4B520094F72F /* Release */,
			);
			defaultConfigurationIsVisible = 0;
			defaultConfigurationName = Release;
		};
		B71353C124AF4B520094F72F /* Build configuration list for PBXNativeTarget "LottoMentor" */ = {
			isa = XCConfigurationList;
			buildConfigurations = (
				B71353C224AF4B520094F72F /* Debug */,
				B71353C324AF4B520094F72F /* Release */,
			);
			defaultConfigurationIsVisible = 0;
			defaultConfigurationName = Release;
		};
/* End XCConfigurationList section */
	};
	rootObject = B71353A524AF4B510094F72F /* Project object */;
}
